
Microsoft Visual Studio Solution File, Format Version 12.00
# Visual Studio 2013
VisualStudioVersion = 12.0.21005.1
MinimumVisualStudioVersion = 10.0.40219.1
Project("{8BC9CEB8-8B4A-11D0-8D11-00A0C91BC942}") = "rocket", "rocket\rocket.vcxproj", "{7F4DCF02-6D1E-4C69-88EC-DC4517A1347D}"
	ProjectSection(ProjectDependencies) = postProject
		{71ECA4BF-538D-4F0B-B2D3-C5DD40CA77FE} = {71ECA4BF-538D-4F0B-B2D3-C5DD40CA77FE}
	EndProjectSection
EndProject
Project("{8BC9CEB8-8B4A-11D0-8D11-00A0C91BC942}") = "rocketEngine", "rocketEngine\rocketEngine.vcxproj", "{71ECA4BF-538D-4F0B-B2D3-C5DD40CA77FE}"
EndProject
Project("{8BC9CEB8-8B4A-11D0-8D11-00A0C91BC942}") = "test", "test\test.vcxproj", "{D1B002CB-FFB7-4C4B-AA10-A3E831DD6BB3}"
EndProject
Project("{8BC9CEB8-8B4A-11D0-8D11-00A0C91BC942}") = "zsummerX", "..\..\..\rocket\zsummerX-master\zsummerX-master\vc2013\zsummerX.vcxproj", "{06D64BC9-7AD1-40A1-835A-54BCC3ABFE39}"
EndProject
Project("{8BC9CEB8-8B4A-11D0-8D11-00A0C91BC942}") = "frameTest", "..\..\..\rocket\zsummerX-master\zsummerX-master\example\frameTest\frameTest.vcxproj", "{4359E83A-9761-4DA9-8B82-B832E0767E18}"
EndProject
Global
	GlobalSection(SolutionConfigurationPlatforms) = preSolution
		Debug|Win32 = Debug|Win32
		Debug|x64 = Debug|x64
		Pre32_RETAIL|Win32 = Pre32_RETAIL|Win32
		Pre32_RETAIL|x64 = Pre32_RETAIL|x64
		Release|Win32 = Release|Win32
		Release|x64 = Release|x64
	EndGlobalSection
	GlobalSection(ProjectConfigurationPlatforms) = postSolution
		{7F4DCF02-6D1E-4C69-88EC-DC4517A1347D}.Debug|Win32.ActiveCfg = Debug|Win32
		{7F4DCF02-6D1E-4C69-88EC-DC4517A1347D}.Debug|Win32.Build.0 = Debug|Win32
		{7F4DCF02-6D1E-4C69-88EC-DC4517A1347D}.Debug|x64.ActiveCfg = Debug|Win32
		{7F4DCF02-6D1E-4C69-88EC-DC4517A1347D}.Pre32_RETAIL|Win32.ActiveCfg = Release|Win32
		{7F4DCF02-6D1E-4C69-88EC-DC4517A1347D}.Pre32_RETAIL|Win32.Build.0 = Release|Win32
		{7F4DCF02-6D1E-4C69-88EC-DC4517A1347D}.Pre32_RETAIL|x64.ActiveCfg = Release|Win32
		{7F4DCF02-6D1E-4C69-88EC-DC4517A1347D}.Release|Win32.ActiveCfg = Release|Win32
		{7F4DCF02-6D1E-4C69-88EC-DC4517A1347D}.Release|Win32.Build.0 = Release|Win32
		{7F4DCF02-6D1E-4C69-88EC-DC4517A1347D}.Release|x64.ActiveCfg = Release|Win32
		{71ECA4BF-538D-4F0B-B2D3-C5DD40CA77FE}.Debug|Win32.ActiveCfg = Debug|Win32
		{71ECA4BF-538D-4F0B-B2D3-C5DD40CA77FE}.Debug|Win32.Build.0 = Debug|Win32
		{71ECA4BF-538D-4F0B-B2D3-C5DD40CA77FE}.Debug|x64.ActiveCfg = Debug|Win32
		{71ECA4BF-538D-4F0B-B2D3-C5DD40CA77FE}.Pre32_RETAIL|Win32.ActiveCfg = Release|Win32
		{71ECA4BF-538D-4F0B-B2D3-C5DD40CA77FE}.Pre32_RETAIL|Win32.Build.0 = Release|Win32
		{71ECA4BF-538D-4F0B-B2D3-C5DD40CA77FE}.Pre32_RETAIL|x64.ActiveCfg = Release|Win32
		{71ECA4BF-538D-4F0B-B2D3-C5DD40CA77FE}.Release|Win32.ActiveCfg = Release|Win32
		{71ECA4BF-538D-4F0B-B2D3-C5DD40CA77FE}.Release|Win32.Build.0 = Release|Win32
		{71ECA4BF-538D-4F0B-B2D3-C5DD40CA77FE}.Release|x64.ActiveCfg = Release|Win32
		{D1B002CB-FFB7-4C4B-AA10-A3E831DD6BB3}.Debug|Win32.ActiveCfg = Debug|Win32
		{D1B002CB-FFB7-4C4B-AA10-A3E831DD6BB3}.Debug|Win32.Build.0 = Debug|Win32
		{D1B002CB-FFB7-4C4B-AA10-A3E831DD6BB3}.Debug|x64.ActiveCfg = Debug|Win32
		{D1B002CB-FFB7-4C4B-AA10-A3E831DD6BB3}.Pre32_RETAIL|Win32.ActiveCfg = Release|Win32
		{D1B002CB-FFB7-4C4B-AA10-A3E831DD6BB3}.Pre32_RETAIL|Win32.Build.0 = Release|Win32
		{D1B002CB-FFB7-4C4B-AA10-A3E831DD6BB3}.Pre32_RETAIL|x64.ActiveCfg = Release|Win32
		{D1B002CB-FFB7-4C4B-AA10-A3E831DD6BB3}.Release|Win32.ActiveCfg = Release|Win32
		{D1B002CB-FFB7-4C4B-AA10-A3E831DD6BB3}.Release|Win32.Build.0 = Release|Win32
		{D1B002CB-FFB7-4C4B-AA10-A3E831DD6BB3}.Release|x64.ActiveCfg = Release|Win32
		{06D64BC9-7AD1-40A1-835A-54BCC3ABFE39}.Debug|Win32.ActiveCfg = Debug|Win32
		{06D64BC9-7AD1-40A1-835A-54BCC3ABFE39}.Debug|Win32.Build.0 = Debug|Win32
		{06D64BC9-7AD1-40A1-835A-54BCC3ABFE39}.Debug|x64.ActiveCfg = Debug|x64
		{06D64BC9-7AD1-40A1-835A-54BCC3ABFE39}.Debug|x64.Build.0 = Debug|x64
		{06D64BC9-7AD1-40A1-835A-54BCC3ABFE39}.Pre32_RETAIL|Win32.ActiveCfg = Release|Win32
		{06D64BC9-7AD1-40A1-835A-54BCC3ABFE39}.Pre32_RETAIL|Win32.Build.0 = Release|Win32
		{06D64BC9-7AD1-40A1-835A-54BCC3ABFE39}.Pre32_RETAIL|x64.ActiveCfg = Release|x64
		{06D64BC9-7AD1-40A1-835A-54BCC3ABFE39}.Pre32_RETAIL|x64.Build.0 = Release|x64
		{06D64BC9-7AD1-40A1-835A-54BCC3ABFE39}.Release|Win32.ActiveCfg = Release|Win32
		{06D64BC9-7AD1-40A1-835A-54BCC3ABFE39}.Release|Win32.Build.0 = Release|Win32
		{06D64BC9-7AD1-40A1-835A-54BCC3ABFE39}.Release|x64.ActiveCfg = Release|x64
		{06D64BC9-7AD1-40A1-835A-54BCC3ABFE39}.Release|x64.Build.0 = Release|x64
		{4359E83A-9761-4DA9-8B82-B832E0767E18}.Debug|Win32.ActiveCfg = Debug|Win32
		{4359E83A-9761-4DA9-8B82-B832E0767E18}.Debug|Win32.Build.0 = Debug|Win32
		{4359E83A-9761-4DA9-8B82-B832E0767E18}.Debug|x64.ActiveCfg = Debug|x64
		{4359E83A-9761-4DA9-8B82-B832E0767E18}.Debug|x64.Build.0 = Debug|x64
		{4359E83A-9761-4DA9-8B82-B832E0767E18}.Pre32_RETAIL|Win32.ActiveCfg = Release|Win32
		{4359E83A-9761-4DA9-8B82-B832E0767E18}.Pre32_RETAIL|Win32.Build.0 = Release|Win32
		{4359E83A-9761-4DA9-8B82-B832E0767E18}.Pre32_RETAIL|x64.ActiveCfg = Release|x64
		{4359E83A-9761-4DA9-8B82-B832E0767E18}.Pre32_RETAIL|x64.Build.0 = Release|x64
		{4359E83A-9761-4DA9-8B82-B832E0767E18}.Release|Win32.ActiveCfg = Release|Win32
		{4359E83A-9761-4DA9-8B82-B832E0767E18}.Release|Win32.Build.0 = Release|Win32
		{4359E83A-9761-4DA9-8B82-B832E0767E18}.Release|x64.ActiveCfg = Release|x64
		{4359E83A-9761-4DA9-8B82-B832E0767E18}.Release|x64.Build.0 = Release|x64
	EndGlobalSection
	GlobalSection(SolutionProperties) = preSolution
		HideSolutionNode = FALSE
	EndGlobalSection
EndGlobal
