
Microsoft Visual Studio Solution File, Format Version 12.00
# Visual Studio 2013
VisualStudioVersion = 12.0.21005.1
MinimumVisualStudioVersion = 10.0.40219.1
Project("{8BC9CEB8-8B4A-11D0-8D11-00A0C91BC942}") = "rocket", "rocket\rocket.vcxproj", "{7F4DCF02-6D1E-4C69-88EC-DC4517A1347D}"
	ProjectSection(ProjectDependencies) = postProject
		{71ECA4BF-538D-4F0B-B2D3-C5DD40CA77FE} = {71ECA4BF-538D-4F0B-B2D3-C5DD40CA77FE}
	EndProjectSection
EndProject
Project("{8BC9CEB8-8B4A-11D0-8D11-00A0C91BC942}") = "rocketEngine", "rocketEngine\rocketEngine.vcxproj", "{71ECA4BF-538D-4F0B-B2D3-C5DD40CA77FE}"
EndProject
Project("{8BC9CEB8-8B4A-11D0-8D11-00A0C91BC942}") = "zsummerX", "..\..\..\zsummerX-master\vc2013\zsummerX.vcxproj", "{06D64BC9-7AD1-40A1-835A-54BCC3ABFE39}"
EndProject
Project("{8BC9CEB8-8B4A-11D0-8D11-00A0C91BC942}") = "frameStressTest", "..\..\..\zsummerX-master\example\frameStressTest\frameStressTest.vcxproj", "{EA950C2B-48CB-4FEC-81E8-4CED27BAB732}"
EndProject
Project("{8BC9CEB8-8B4A-11D0-8D11-00A0C91BC942}") = "frameTest", "..\..\..\zsummerX-master\example\frameTest\frameTest.vcxproj", "{4359E83A-9761-4DA9-8B82-B832E0767E18}"
EndProject
Project("{8BC9CEB8-8B4A-11D0-8D11-00A0C91BC942}") = "iocpserver", "D:\download\iocp\iocp\iocpserver.vcxproj", "{4C341BA7-FF96-4C45-9019-864CD960A9F1}"
EndProject
Project("{8BC9CEB8-8B4A-11D0-8D11-00A0C91BC942}") = "Network2", "D:\download\iocpframework\iocpframework\Network2\Network2.vcxproj", "{3232BCAC-E19E-46ED-8498-C4E05FCD769A}"
EndProject
Project("{8BC9CEB8-8B4A-11D0-8D11-00A0C91BC942}") = "Network1", "D:\download\iocpframework\iocpframework\TestNetwork\TestNetwork.vcxproj", "{12D1D0D6-25EC-4549-92CF-408C1B894944}"
EndProject
Project("{8BC9CEB8-8B4A-11D0-8D11-00A0C91BC942}") = "log4z", "..\..\..\zsummerX-master\depends\log4z\vc2005\log4z.vcxproj", "{78726622-CC7B-4CE6-B836-5A124171104C}"
EndProject
Project("{8BC9CEB8-8B4A-11D0-8D11-00A0C91BC942}") = "test", "test\test.vcxproj", "{EAE6A07E-856A-4B27-8C94-9BF7A95D79F9}"
EndProject
Global
	GlobalSection(SolutionConfigurationPlatforms) = preSolution
		Debug|Win32 = Debug|Win32
		Debug|x64 = Debug|x64
		Pre32_RETAIL|Win32 = Pre32_RETAIL|Win32
		Pre32_RETAIL|x64 = Pre32_RETAIL|x64
		Release|Win32 = Release|Win32
		Release|x64 = Release|x64
	EndGlobalSection
	GlobalSection(ProjectConfigurationPlatforms) = postSolution
		{7F4DCF02-6D1E-4C69-88EC-DC4517A1347D}.Debug|Win32.ActiveCfg = Debug|Win32
		{7F4DCF02-6D1E-4C69-88EC-DC4517A1347D}.Debug|Win32.Build.0 = Debug|Win32
		{7F4DCF02-6D1E-4C69-88EC-DC4517A1347D}.Debug|x64.ActiveCfg = Debug|Win32
		{7F4DCF02-6D1E-4C69-88EC-DC4517A1347D}.Pre32_RETAIL|Win32.ActiveCfg = Release|Win32
		{7F4DCF02-6D1E-4C69-88EC-DC4517A1347D}.Pre32_RETAIL|Win32.Build.0 = Release|Win32
		{7F4DCF02-6D1E-4C69-88EC-DC4517A1347D}.Pre32_RETAIL|x64.ActiveCfg = Release|Win32
		{7F4DCF02-6D1E-4C69-88EC-DC4517A1347D}.Release|Win32.ActiveCfg = Release|Win32
		{7F4DCF02-6D1E-4C69-88EC-DC4517A1347D}.Release|Win32.Build.0 = Release|Win32
		{7F4DCF02-6D1E-4C69-88EC-DC4517A1347D}.Release|x64.ActiveCfg = Release|Win32
		{71ECA4BF-538D-4F0B-B2D3-C5DD40CA77FE}.Debug|Win32.ActiveCfg = Debug|Win32
		{71ECA4BF-538D-4F0B-B2D3-C5DD40CA77FE}.Debug|Win32.Build.0 = Debug|Win32
		{71ECA4BF-538D-4F0B-B2D3-C5DD40CA77FE}.Debug|x64.ActiveCfg = Debug|Win32
		{71ECA4BF-538D-4F0B-B2D3-C5DD40CA77FE}.Pre32_RETAIL|Win32.ActiveCfg = Release|Win32
		{71ECA4BF-538D-4F0B-B2D3-C5DD40CA77FE}.Pre32_RETAIL|Win32.Build.0 = Release|Win32
		{71ECA4BF-538D-4F0B-B2D3-C5DD40CA77FE}.Pre32_RETAIL|x64.ActiveCfg = Release|Win32
		{71ECA4BF-538D-4F0B-B2D3-C5DD40CA77FE}.Release|Win32.ActiveCfg = Release|Win32
		{71ECA4BF-538D-4F0B-B2D3-C5DD40CA77FE}.Release|Win32.Build.0 = Release|Win32
		{71ECA4BF-538D-4F0B-B2D3-C5DD40CA77FE}.Release|x64.ActiveCfg = Release|Win32
		{06D64BC9-7AD1-40A1-835A-54BCC3ABFE39}.Debug|Win32.ActiveCfg = Debug|Win32
		{06D64BC9-7AD1-40A1-835A-54BCC3ABFE39}.Debug|Win32.Build.0 = Debug|Win32
		{06D64BC9-7AD1-40A1-835A-54BCC3ABFE39}.Debug|x64.ActiveCfg = Debug|x64
		{06D64BC9-7AD1-40A1-835A-54BCC3ABFE39}.Debug|x64.Build.0 = Debug|x64
		{06D64BC9-7AD1-40A1-835A-54BCC3ABFE39}.Pre32_RETAIL|Win32.ActiveCfg = Release|Win32
		{06D64BC9-7AD1-40A1-835A-54BCC3ABFE39}.Pre32_RETAIL|Win32.Build.0 = Release|Win32
		{06D64BC9-7AD1-40A1-835A-54BCC3ABFE39}.Pre32_RETAIL|x64.ActiveCfg = Release|x64
		{06D64BC9-7AD1-40A1-835A-54BCC3ABFE39}.Pre32_RETAIL|x64.Build.0 = Release|x64
		{06D64BC9-7AD1-40A1-835A-54BCC3ABFE39}.Release|Win32.ActiveCfg = Release|Win32
		{06D64BC9-7AD1-40A1-835A-54BCC3ABFE39}.Release|Win32.Build.0 = Release|Win32
		{06D64BC9-7AD1-40A1-835A-54BCC3ABFE39}.Release|x64.ActiveCfg = Release|x64
		{06D64BC9-7AD1-40A1-835A-54BCC3ABFE39}.Release|x64.Build.0 = Release|x64
		{EA950C2B-48CB-4FEC-81E8-4CED27BAB732}.Debug|Win32.ActiveCfg = Debug|Win32
		{EA950C2B-48CB-4FEC-81E8-4CED27BAB732}.Debug|Win32.Build.0 = Debug|Win32
		{EA950C2B-48CB-4FEC-81E8-4CED27BAB732}.Debug|x64.ActiveCfg = Debug|x64
		{EA950C2B-48CB-4FEC-81E8-4CED27BAB732}.Debug|x64.Build.0 = Debug|x64
		{EA950C2B-48CB-4FEC-81E8-4CED27BAB732}.Pre32_RETAIL|Win32.ActiveCfg = Release|Win32
		{EA950C2B-48CB-4FEC-81E8-4CED27BAB732}.Pre32_RETAIL|Win32.Build.0 = Release|Win32
		{EA950C2B-48CB-4FEC-81E8-4CED27BAB732}.Pre32_RETAIL|x64.ActiveCfg = Release|x64
		{EA950C2B-48CB-4FEC-81E8-4CED27BAB732}.Pre32_RETAIL|x64.Build.0 = Release|x64
		{EA950C2B-48CB-4FEC-81E8-4CED27BAB732}.Release|Win32.ActiveCfg = Release|Win32
		{EA950C2B-48CB-4FEC-81E8-4CED27BAB732}.Release|Win32.Build.0 = Release|Win32
		{EA950C2B-48CB-4FEC-81E8-4CED27BAB732}.Release|x64.ActiveCfg = Release|x64
		{EA950C2B-48CB-4FEC-81E8-4CED27BAB732}.Release|x64.Build.0 = Release|x64
		{4359E83A-9761-4DA9-8B82-B832E0767E18}.Debug|Win32.ActiveCfg = Debug|Win32
		{4359E83A-9761-4DA9-8B82-B832E0767E18}.Debug|Win32.Build.0 = Debug|Win32
		{4359E83A-9761-4DA9-8B82-B832E0767E18}.Debug|x64.ActiveCfg = Debug|x64
		{4359E83A-9761-4DA9-8B82-B832E0767E18}.Debug|x64.Build.0 = Debug|x64
		{4359E83A-9761-4DA9-8B82-B832E0767E18}.Pre32_RETAIL|Win32.ActiveCfg = Release|Win32
		{4359E83A-9761-4DA9-8B82-B832E0767E18}.Pre32_RETAIL|Win32.Build.0 = Release|Win32
		{4359E83A-9761-4DA9-8B82-B832E0767E18}.Pre32_RETAIL|x64.ActiveCfg = Release|x64
		{4359E83A-9761-4DA9-8B82-B832E0767E18}.Pre32_RETAIL|x64.Build.0 = Release|x64
		{4359E83A-9761-4DA9-8B82-B832E0767E18}.Release|Win32.ActiveCfg = Release|Win32
		{4359E83A-9761-4DA9-8B82-B832E0767E18}.Release|Win32.Build.0 = Release|Win32
		{4359E83A-9761-4DA9-8B82-B832E0767E18}.Release|x64.ActiveCfg = Release|x64
		{4359E83A-9761-4DA9-8B82-B832E0767E18}.Release|x64.Build.0 = Release|x64
		{4C341BA7-FF96-4C45-9019-864CD960A9F1}.Debug|Win32.ActiveCfg = Pre32_RETAIL|Win32
		{4C341BA7-FF96-4C45-9019-864CD960A9F1}.Debug|Win32.Build.0 = Pre32_RETAIL|Win32
		{4C341BA7-FF96-4C45-9019-864CD960A9F1}.Debug|x64.ActiveCfg = Pre32_RETAIL|Win32
		{4C341BA7-FF96-4C45-9019-864CD960A9F1}.Pre32_RETAIL|Win32.ActiveCfg = Pre32_RETAIL|Win32
		{4C341BA7-FF96-4C45-9019-864CD960A9F1}.Pre32_RETAIL|Win32.Build.0 = Pre32_RETAIL|Win32
		{4C341BA7-FF96-4C45-9019-864CD960A9F1}.Pre32_RETAIL|x64.ActiveCfg = Pre32_RETAIL|Win32
		{4C341BA7-FF96-4C45-9019-864CD960A9F1}.Release|Win32.ActiveCfg = Pre32_RETAIL|Win32
		{4C341BA7-FF96-4C45-9019-864CD960A9F1}.Release|Win32.Build.0 = Pre32_RETAIL|Win32
		{4C341BA7-FF96-4C45-9019-864CD960A9F1}.Release|x64.ActiveCfg = Pre32_RETAIL|Win32
		{3232BCAC-E19E-46ED-8498-C4E05FCD769A}.Debug|Win32.ActiveCfg = Debug|Win32
		{3232BCAC-E19E-46ED-8498-C4E05FCD769A}.Debug|Win32.Build.0 = Debug|Win32
		{3232BCAC-E19E-46ED-8498-C4E05FCD769A}.Debug|x64.ActiveCfg = Debug|Win32
		{3232BCAC-E19E-46ED-8498-C4E05FCD769A}.Pre32_RETAIL|Win32.ActiveCfg = Release|Win32
		{3232BCAC-E19E-46ED-8498-C4E05FCD769A}.Pre32_RETAIL|Win32.Build.0 = Release|Win32
		{3232BCAC-E19E-46ED-8498-C4E05FCD769A}.Pre32_RETAIL|x64.ActiveCfg = Release|Win32
		{3232BCAC-E19E-46ED-8498-C4E05FCD769A}.Release|Win32.ActiveCfg = Release|Win32
		{3232BCAC-E19E-46ED-8498-C4E05FCD769A}.Release|Win32.Build.0 = Release|Win32
		{3232BCAC-E19E-46ED-8498-C4E05FCD769A}.Release|x64.ActiveCfg = Release|Win32
		{12D1D0D6-25EC-4549-92CF-408C1B894944}.Debug|Win32.ActiveCfg = Debug|Win32
		{12D1D0D6-25EC-4549-92CF-408C1B894944}.Debug|Win32.Build.0 = Debug|Win32
		{12D1D0D6-25EC-4549-92CF-408C1B894944}.Debug|x64.ActiveCfg = Debug|Win32
		{12D1D0D6-25EC-4549-92CF-408C1B894944}.Pre32_RETAIL|Win32.ActiveCfg = Release|Win32
		{12D1D0D6-25EC-4549-92CF-408C1B894944}.Pre32_RETAIL|Win32.Build.0 = Release|Win32
		{12D1D0D6-25EC-4549-92CF-408C1B894944}.Pre32_RETAIL|x64.ActiveCfg = Release|Win32
		{12D1D0D6-25EC-4549-92CF-408C1B894944}.Release|Win32.ActiveCfg = Release|Win32
		{12D1D0D6-25EC-4549-92CF-408C1B894944}.Release|Win32.Build.0 = Release|Win32
		{12D1D0D6-25EC-4549-92CF-408C1B894944}.Release|x64.ActiveCfg = Release|Win32
		{78726622-CC7B-4CE6-B836-5A124171104C}.Debug|Win32.ActiveCfg = Debug|Win32
		{78726622-CC7B-4CE6-B836-5A124171104C}.Debug|Win32.Build.0 = Debug|Win32
		{78726622-CC7B-4CE6-B836-5A124171104C}.Debug|x64.ActiveCfg = Debug|x64
		{78726622-CC7B-4CE6-B836-5A124171104C}.Debug|x64.Build.0 = Debug|x64
		{78726622-CC7B-4CE6-B836-5A124171104C}.Pre32_RETAIL|Win32.ActiveCfg = Release|Win32
		{78726622-CC7B-4CE6-B836-5A124171104C}.Pre32_RETAIL|Win32.Build.0 = Release|Win32
		{78726622-CC7B-4CE6-B836-5A124171104C}.Pre32_RETAIL|x64.ActiveCfg = Release|x64
		{78726622-CC7B-4CE6-B836-5A124171104C}.Pre32_RETAIL|x64.Build.0 = Release|x64
		{78726622-CC7B-4CE6-B836-5A124171104C}.Release|Win32.ActiveCfg = Release|Win32
		{78726622-CC7B-4CE6-B836-5A124171104C}.Release|Win32.Build.0 = Release|Win32
		{78726622-CC7B-4CE6-B836-5A124171104C}.Release|x64.ActiveCfg = Release|x64
		{78726622-CC7B-4CE6-B836-5A124171104C}.Release|x64.Build.0 = Release|x64
		{EAE6A07E-856A-4B27-8C94-9BF7A95D79F9}.Debug|Win32.ActiveCfg = Debug|Win32
		{EAE6A07E-856A-4B27-8C94-9BF7A95D79F9}.Debug|Win32.Build.0 = Debug|Win32
		{EAE6A07E-856A-4B27-8C94-9BF7A95D79F9}.Debug|x64.ActiveCfg = Debug|Win32
		{EAE6A07E-856A-4B27-8C94-9BF7A95D79F9}.Pre32_RETAIL|Win32.ActiveCfg = Release|Win32
		{EAE6A07E-856A-4B27-8C94-9BF7A95D79F9}.Pre32_RETAIL|Win32.Build.0 = Release|Win32
		{EAE6A07E-856A-4B27-8C94-9BF7A95D79F9}.Pre32_RETAIL|x64.ActiveCfg = Release|Win32
		{EAE6A07E-856A-4B27-8C94-9BF7A95D79F9}.Release|Win32.ActiveCfg = Release|Win32
		{EAE6A07E-856A-4B27-8C94-9BF7A95D79F9}.Release|Win32.Build.0 = Release|Win32
		{EAE6A07E-856A-4B27-8C94-9BF7A95D79F9}.Release|x64.ActiveCfg = Release|Win32
	EndGlobalSection
	GlobalSection(SolutionProperties) = preSolution
		HideSolutionNode = FALSE
	EndGlobalSection
EndGlobal
