<?xml version="1.0" encoding="utf-8"?>
<Project ToolsVersion="4.0" xmlns="http://schemas.microsoft.com/developer/msbuild/2003">
  <ItemGroup>
    <Filter Include="源文件">
      <UniqueIdentifier>{4FC737F1-C7A5-4376-A066-2A32D752A2FF}</UniqueIdentifier>
      <Extensions>cpp;c;cc;cxx;def;odl;idl;hpj;bat;asm;asmx</Extensions>
    </Filter>
    <Filter Include="头文件">
      <UniqueIdentifier>{93995380-89BD-4b04-88EB-625FBE52EBFB}</UniqueIdentifier>
      <Extensions>h;hh;hpp;hxx;hm;inl;inc;xsd</Extensions>
    </Filter>
    <Filter Include="资源文件">
      <UniqueIdentifier>{67DA6AB6-F800-4c08-8B7A-83BB121AAD01}</UniqueIdentifier>
      <Extensions>rc;ico;cur;bmp;dlg;rc2;rct;bin;rgs;gif;jpg;jpeg;jpe;resx;tiff;tif;png;wav;mfcribbon-ms</Extensions>
    </Filter>
    <Filter Include="头文件\include">
      <UniqueIdentifier>{25aa8cfe-8401-462e-b5fd-17d26884cd59}</UniqueIdentifier>
    </Filter>
    <Filter Include="源文件\src">
      <UniqueIdentifier>{0d77f9da-8e96-4f7c-bacf-ef35e324c50a}</UniqueIdentifier>
    </Filter>
    <Filter Include="头文件\server">
      <UniqueIdentifier>{0b96bed7-09ef-4e49-84fe-a22edb52682a}</UniqueIdentifier>
    </Filter>
    <Filter Include="源文件\server">
      <UniqueIdentifier>{7a619548-159a-4991-8f78-0515ac53292d}</UniqueIdentifier>
    </Filter>
    <Filter Include="头文件\common">
      <UniqueIdentifier>{efd2d375-deaf-4cf7-b8e1-9020d081d164}</UniqueIdentifier>
    </Filter>
    <Filter Include="源文件\common">
      <UniqueIdentifier>{d18c0036-914b-4244-83d2-c0158793586a}</UniqueIdentifier>
    </Filter>
  </ItemGroup>
  <ItemGroup>
    <ClInclude Include="..\include\iocp\acceptor.h">
      <Filter>头文件\include</Filter>
    </ClInclude>
    <ClInclude Include="..\include\server\server.h">
      <Filter>头文件\server</Filter>
    </ClInclude>
    <ClInclude Include="..\include\iocp\iocp.h">
      <Filter>头文件\include</Filter>
    </ClInclude>
    <ClInclude Include="..\include\common\common.h">
      <Filter>头文件\common</Filter>
    </ClInclude>
    <ClInclude Include="..\include\common\paltform.h">
      <Filter>头文件\common</Filter>
    </ClInclude>
    <ClInclude Include="..\include\iocp\connection.h">
      <Filter>头文件\include</Filter>
    </ClInclude>
  </ItemGroup>
  <ItemGroup>
    <ClCompile Include="..\src\iocp\acceptor.cpp">
      <Filter>源文件\src</Filter>
    </ClCompile>
    <ClCompile Include="..\src\server\server.cpp">
      <Filter>源文件\server</Filter>
    </ClCompile>
    <ClCompile Include="..\src\iocp\iocp.cpp">
      <Filter>源文件\src</Filter>
    </ClCompile>
    <ClCompile Include="..\src\common\common.cpp">
      <Filter>源文件\common</Filter>
    </ClCompile>
    <ClCompile Include="..\src\iocp\connection.cpp">
      <Filter>源文件\src</Filter>
    </ClCompile>
  </ItemGroup>
  <ItemGroup>
    <None Include="Source.def">
      <Filter>源文件</Filter>
    </None>
  </ItemGroup>
</Project>